
Microsoft Visual Studio Solution File, Format Version 12.00
# Visual Studio Version 17
VisualStudioVersion = 17.7.34024.191
MinimumVisualStudioVersion = 10.0.40219.1
Project("{9A19103F-16F7-4668-BE54-9A1E7A4F7556}") = "Bloggie", "Bloggie\Bloggie.csproj", "{030B47E6-E405-4546-9255-ECBD42E8B2C6}"
EndProject
Global
	GlobalSection(SolutionConfigurationPlatforms) = preSolution
		Debug|Any CPU = Debug|Any CPU
		Release|Any CPU = Release|Any CPU
	EndGlobalSection
	GlobalSection(ProjectConfigurationPlatforms) = postSolution
		{030B47E6-E405-4546-9255-ECBD42E8B2C6}.Debug|Any CPU.ActiveCfg = Debug|Any CPU
		{030B47E6-E405-4546-9255-ECBD42E8B2C6}.Debug|Any CPU.Build.0 = Debug|Any CPU
		{030B47E6-E405-4546-9255-ECBD42E8B2C6}.Release|Any CPU.ActiveCfg = Release|Any CPU
		{030B47E6-E405-4546-9255-ECBD42E8B2C6}.Release|Any CPU.Build.0 = Release|Any CPU
	EndGlobalSection
	GlobalSection(SolutionProperties) = preSolution
		HideSolutionNode = FALSE
	EndGlobalSection
	GlobalSection(ExtensibilityGlobals) = postSolution
		SolutionGuid = {10EEB0C5-91C6-4D61-9A95-93E6B4032B9F}
	EndGlobalSection
EndGlobal
